github.com/davecgh/go-spew v1.1.1 h1:vj9j/u1bqnvCEfJOwUhtlOARqs3+rkHYY13jYWTU97c=
github.com/plainkit/html v0.9.0 h1:QsFDzjfvmd9O2Uw7BK3PZTfIV+Tw3hsLDBvebuCHr8c=
github.com/plainkit/html v0.9.0/go.mod h1:63DVpcbAvlLsDEzubaPzrzu3QHgTC43f0JShOt9/32s=
github.com/plainkit/html v0.12.0/go.mod h1:63DVpcbAvlLsDEzubaPzrzu3QHgTC43f0JShOt9/32s=
github.com/plainkit/htmx v0.5.0 h1:GgGqfiIs6qX2uoiRed78o/6xft7OaSnGVOsT6tOrNUM=
github.com/plainkit/htmx v0.5.0/go.mod h1:/c4ay9OPo6L1EnPLGrK+5C6lQjCypsEVwJtD2pttaSU=
github.com/plainkit/icons v0.8.0 h1:yuEwXx1ATCMHagaWKMHX0737fxaiZPQNwZGzfTqgaV0=
github.com/plainkit/icons v0.8.0/go.mod h1:oDgAWGSHxSAfKznqSjkCxPfrjtzUlcT8G0NluLQdEK8=
github.com/plainkit/icons v0.9.0/go.mod h1:BkJD+TzRwdheZbwpcKSDOruDbVW7Sjl0PuYvNzJjMnU=
github.com/pmezard/go-difflib v1.0.0 h1:4DBwDE0NGyQoBHbLQYPwSUPoCMWR5BEzIk/f1lZbAQM=
github.com/stretchr/testify v1.11.1 h1:7s2iGBzp5EwR7/aIZr8ao5+dra3wiQyKjjFuvgVKu7U=
gopkg.in/yaml.v3 v3.0.1 h1:fxVm/GzAzEWqLHuvctI91KS9hhNmmWOoWu0XTYJS7CA=
